// !$*UTF8*$!
{
	archiveVersion = 1;
	classes = {
	};
	objectVersion = 55;
	objects = {

/* Begin PBXBuildFile section */
		3114D4902836433800752925 /* StockChartView.swift in Sources */ = {isa = PBXBuildFile; fileRef = 3114D48F2836433800752925 /* StockChartView.swift */; };
		31153EB8282AC6D00017C7DA /* NewsStory.swift in Sources */ = {isa = PBXBuildFile; fileRef = 31153EB7282AC6D00017C7DA /* NewsStory.swift */; };
		31153EBA282AEBD80017C7DA /* NewsStoryTableViewCell.swift in Sources */ = {isa = PBXBuildFile; fileRef = 31153EB9282AEBD80017C7DA /* NewsStoryTableViewCell.swift */; };
		314E462F28281DAD00A4FB98 /* Extensions.swift in Sources */ = {isa = PBXBuildFile; fileRef = 314E462E28281DAD00A4FB98 /* Extensions.swift */; };
		316AC50128240B9F00BD3A25 /* SearchResponse.swift in Sources */ = {isa = PBXBuildFile; fileRef = 316AC50028240B9F00BD3A25 /* SearchResponse.swift */; };
		31884C6A2820366D00463C0B /* SearchResultsTableViewCell.swift in Sources */ = {isa = PBXBuildFile; fileRef = 31884C692820366D00463C0B /* SearchResultsTableViewCell.swift */; };
		31A436BC281D6C8800EE3F22 /* AppDelegate.swift in Sources */ = {isa = PBXBuildFile; fileRef = 31A436BB281D6C8800EE3F22 /* AppDelegate.swift */; };
		31A436BE281D6C8800EE3F22 /* SceneDelegate.swift in Sources */ = {isa = PBXBuildFile; fileRef = 31A436BD281D6C8800EE3F22 /* SceneDelegate.swift */; };
		31A436C0281D6C8800EE3F22 /* WatchListViewController.swift in Sources */ = {isa = PBXBuildFile; fileRef = 31A436BF281D6C8800EE3F22 /* WatchListViewController.swift */; };
		31A436C5281D6C8900EE3F22 /* Assets.xcassets in Resources */ = {isa = PBXBuildFile; fileRef = 31A436C4281D6C8900EE3F22 /* Assets.xcassets */; };
		31A436C8281D6C8900EE3F22 /* LaunchScreen.storyboard in Resources */ = {isa = PBXBuildFile; fileRef = 31A436C6281D6C8900EE3F22 /* LaunchScreen.storyboard */; };
		31A436D6281D6E5200EE3F22 /* NewsViewController.swift in Sources */ = {isa = PBXBuildFile; fileRef = 31A436D5281D6E5200EE3F22 /* NewsViewController.swift */; };
		31A436D8281D6E6200EE3F22 /* SearchResultsViewController.swift in Sources */ = {isa = PBXBuildFile; fileRef = 31A436D7281D6E6200EE3F22 /* SearchResultsViewController.swift */; };
		31A436DA281D6E6A00EE3F22 /* StockDetailsViewController.swift in Sources */ = {isa = PBXBuildFile; fileRef = 31A436D9281D6E6A00EE3F22 /* StockDetailsViewController.swift */; };
		31A436DC281E835900EE3F22 /* APIManager.swift in Sources */ = {isa = PBXBuildFile; fileRef = 31A436DB281E835900EE3F22 /* APIManager.swift */; };
		31A436DE281E839100EE3F22 /* PersistenceManager.swift in Sources */ = {isa = PBXBuildFile; fileRef = 31A436DD281E839100EE3F22 /* PersistenceManager.swift */; };
		31A436E0281E83A800EE3F22 /* HapticsManager.swift in Sources */ = {isa = PBXBuildFile; fileRef = 31A436DF281E83A800EE3F22 /* HapticsManager.swift */; };
		31DFC6822829850D006D06D5 /* NewsHeaderView.swift in Sources */ = {isa = PBXBuildFile; fileRef = 31DFC6812829850D006D06D5 /* NewsHeaderView.swift */; };
		31F78B392833D4AE0052613E /* WatchlistTableViewCell.swift in Sources */ = {isa = PBXBuildFile; fileRef = 31F78B382833D4AE0052613E /* WatchlistTableViewCell.swift */; };
		31F78B3B28340C920052613E /* StockCandles.swift in Sources */ = {isa = PBXBuildFile; fileRef = 31F78B3A28340C920052613E /* StockCandles.swift */; };
		8B9993FD674D2CE7EC4EB879 /* Pods_stocks_clone.framework in Frameworks */ = {isa = PBXBuildFile; fileRef = 1553D65BB0987FD6F518EC69 /* Pods_stocks_clone.framework */; };
/* End PBXBuildFile section */

/* Begin PBXFileReference section */
		1553D65BB0987FD6F518EC69 /* Pods_stocks_clone.framework */ = {isa = PBXFileReference; explicitFileType = wrapper.framework; includeInIndex = 0; path = Pods_stocks_clone.framework; sourceTree = BUILT_PRODUCTS_DIR; };
		3114D48F2836433800752925 /* StockChartView.swift */ = {isa = PBXFileReference; lastKnownFileType = sourcecode.swift; path = StockChartView.swift; sourceTree = "<group>"; };
		31153EB7282AC6D00017C7DA /* NewsStory.swift */ = {isa = PBXFileReference; lastKnownFileType = sourcecode.swift; path = NewsStory.swift; sourceTree = "<group>"; };
		31153EB9282AEBD80017C7DA /* NewsStoryTableViewCell.swift */ = {isa = PBXFileReference; lastKnownFileType = sourcecode.swift; path = NewsStoryTableViewCell.swift; sourceTree = "<group>"; };
		314E462E28281DAD00A4FB98 /* Extensions.swift */ = {isa = PBXFileReference; lastKnownFileType = sourcecode.swift; path = Extensions.swift; sourceTree = "<group>"; };
		316AC50028240B9F00BD3A25 /* SearchResponse.swift */ = {isa = PBXFileReference; lastKnownFileType = sourcecode.swift; path = SearchResponse.swift; sourceTree = "<group>"; };
		31884C692820366D00463C0B /* SearchResultsTableViewCell.swift */ = {isa = PBXFileReference; lastKnownFileType = sourcecode.swift; path = SearchResultsTableViewCell.swift; sourceTree = "<group>"; };
		31A436B8281D6C8800EE3F22 /* stocks-clone.app */ = {isa = PBXFileReference; explicitFileType = wrapper.application; includeInIndex = 0; path = "stocks-clone.app"; sourceTree = BUILT_PRODUCTS_DIR; };
		31A436BB281D6C8800EE3F22 /* AppDelegate.swift */ = {isa = PBXFileReference; lastKnownFileType = sourcecode.swift; path = AppDelegate.swift; sourceTree = "<group>"; };
		31A436BD281D6C8800EE3F22 /* SceneDelegate.swift */ = {isa = PBXFileReference; lastKnownFileType = sourcecode.swift; path = SceneDelegate.swift; sourceTree = "<group>"; };
		31A436BF281D6C8800EE3F22 /* WatchListViewController.swift */ = {isa = PBXFileReference; lastKnownFileType = sourcecode.swift; path = WatchListViewController.swift; sourceTree = "<group>"; };
		31A436C4281D6C8900EE3F22 /* Assets.xcassets */ = {isa = PBXFileReference; lastKnownFileType = folder.assetcatalog; path = Assets.xcassets; sourceTree = "<group>"; };
		31A436C7281D6C8900EE3F22 /* Base */ = {isa = PBXFileReference; lastKnownFileType = file.storyboard; name = Base; path = Base.lproj/LaunchScreen.storyboard; sourceTree = "<group>"; };
		31A436C9281D6C8900EE3F22 /* Info.plist */ = {isa = PBXFileReference; lastKnownFileType = text.plist.xml; path = Info.plist; sourceTree = "<group>"; };
		31A436D5281D6E5200EE3F22 /* NewsViewController.swift */ = {isa = PBXFileReference; lastKnownFileType = sourcecode.swift; path = NewsViewController.swift; sourceTree = "<group>"; };
		31A436D7281D6E6200EE3F22 /* SearchResultsViewController.swift */ = {isa = PBXFileReference; lastKnownFileType = sourcecode.swift; path = SearchResultsViewController.swift; sourceTree = "<group>"; };
		31A436D9281D6E6A00EE3F22 /* StockDetailsViewController.swift */ = {isa = PBXFileReference; lastKnownFileType = sourcecode.swift; path = StockDetailsViewController.swift; sourceTree = "<group>"; };
		31A436DB281E835900EE3F22 /* APIManager.swift */ = {isa = PBXFileReference; lastKnownFileType = sourcecode.swift; path = APIManager.swift; sourceTree = "<group>"; };
		31A436DD281E839100EE3F22 /* PersistenceManager.swift */ = {isa = PBXFileReference; lastKnownFileType = sourcecode.swift; path = PersistenceManager.swift; sourceTree = "<group>"; };
		31A436DF281E83A800EE3F22 /* HapticsManager.swift */ = {isa = PBXFileReference; lastKnownFileType = sourcecode.swift; path = HapticsManager.swift; sourceTree = "<group>"; };
		31DFC6812829850D006D06D5 /* NewsHeaderView.swift */ = {isa = PBXFileReference; lastKnownFileType = sourcecode.swift; path = NewsHeaderView.swift; sourceTree = "<group>"; };
		31F78B382833D4AE0052613E /* WatchlistTableViewCell.swift */ = {isa = PBXFileReference; lastKnownFileType = sourcecode.swift; path = WatchlistTableViewCell.swift; sourceTree = "<group>"; };
		31F78B3A28340C920052613E /* StockCandles.swift */ = {isa = PBXFileReference; lastKnownFileType = sourcecode.swift; path = StockCandles.swift; sourceTree = "<group>"; };
		9EA62A0C13AAFCD75137F823 /* Pods-stocks-clone.debug.xcconfig */ = {isa = PBXFileReference; includeInIndex = 1; lastKnownFileType = text.xcconfig; name = "Pods-stocks-clone.debug.xcconfig"; path = "Target Support Files/Pods-stocks-clone/Pods-stocks-clone.debug.xcconfig"; sourceTree = "<group>"; };
		CE31788FB04FF93C6241E3B1 /* Pods-stocks-clone.release.xcconfig */ = {isa = PBXFileReference; includeInIndex = 1; lastKnownFileType = text.xcconfig; name = "Pods-stocks-clone.release.xcconfig"; path = "Target Support Files/Pods-stocks-clone/Pods-stocks-clone.release.xcconfig"; sourceTree = "<group>"; };
/* End PBXFileReference section */

/* Begin PBXFrameworksBuildPhase section */
		31A436B5281D6C8800EE3F22 /* Frameworks */ = {
			isa = PBXFrameworksBuildPhase;
			buildActionMask = 2147483647;
			files = (
				8B9993FD674D2CE7EC4EB879 /* Pods_stocks_clone.framework in Frameworks */,
			);
			runOnlyForDeploymentPostprocessing = 0;
		};
/* End PBXFrameworksBuildPhase section */

/* Begin PBXGroup section */
		31A436AF281D6C8800EE3F22 = {
			isa = PBXGroup;
			children = (
				31A436BA281D6C8800EE3F22 /* stocks-clone */,
				31A436B9281D6C8800EE3F22 /* Products */,
				39A9D0E440E83740225AFF0C /* Pods */,
				6DDEFF6535E5D9E8248CB6D6 /* Frameworks */,
			);
			sourceTree = "<group>";
		};
		31A436B9281D6C8800EE3F22 /* Products */ = {
			isa = PBXGroup;
			children = (
				31A436B8281D6C8800EE3F22 /* stocks-clone.app */,
			);
			name = Products;
			sourceTree = "<group>";
		};
		31A436BA281D6C8800EE3F22 /* stocks-clone */ = {
			isa = PBXGroup;
			children = (
				31A436D4281D6CD600EE3F22 /* Other */,
				31A436D3281D6CD100EE3F22 /* Managers */,
				31A436D1281D6CC500EE3F22 /* Controllers */,
				31A436D0281D6CA300EE3F22 /* Views */,
				31A436CF281D6C9C00EE3F22 /* Models */,
				31A436C9281D6C8900EE3F22 /* Info.plist */,
			);
			path = "stocks-clone";
			sourceTree = "<group>";
		};
		31A436CF281D6C9C00EE3F22 /* Models */ = {
			isa = PBXGroup;
			children = (
				316AC50028240B9F00BD3A25 /* SearchResponse.swift */,
				31153EB7282AC6D00017C7DA /* NewsStory.swift */,
				31F78B3A28340C920052613E /* StockCandles.swift */,
			);
			path = Models;
			sourceTree = "<group>";
		};
		31A436D0281D6CA300EE3F22 /* Views */ = {
			isa = PBXGroup;
			children = (
				31A436C6281D6C8900EE3F22 /* LaunchScreen.storyboard */,
				31884C692820366D00463C0B /* SearchResultsTableViewCell.swift */,
				31DFC6812829850D006D06D5 /* NewsHeaderView.swift */,
				31153EB9282AEBD80017C7DA /* NewsStoryTableViewCell.swift */,
				31F78B382833D4AE0052613E /* WatchlistTableViewCell.swift */,
				3114D48F2836433800752925 /* StockChartView.swift */,
			);
			path = Views;
			sourceTree = "<group>";
		};
		31A436D1281D6CC500EE3F22 /* Controllers */ = {
			isa = PBXGroup;
			children = (
				31A436BF281D6C8800EE3F22 /* WatchListViewController.swift */,
				31A436D5281D6E5200EE3F22 /* NewsViewController.swift */,
				31A436D7281D6E6200EE3F22 /* SearchResultsViewController.swift */,
				31A436D9281D6E6A00EE3F22 /* StockDetailsViewController.swift */,
			);
			path = Controllers;
			sourceTree = "<group>";
		};
		31A436D3281D6CD100EE3F22 /* Managers */ = {
			isa = PBXGroup;
			children = (
				31A436DB281E835900EE3F22 /* APIManager.swift */,
				31A436DD281E839100EE3F22 /* PersistenceManager.swift */,
				31A436DF281E83A800EE3F22 /* HapticsManager.swift */,
			);
			path = Managers;
			sourceTree = "<group>";
		};
		31A436D4281D6CD600EE3F22 /* Other */ = {
			isa = PBXGroup;
			children = (
				31A436BB281D6C8800EE3F22 /* AppDelegate.swift */,
				31A436BD281D6C8800EE3F22 /* SceneDelegate.swift */,
				31A436C4281D6C8900EE3F22 /* Assets.xcassets */,
				314E462E28281DAD00A4FB98 /* Extensions.swift */,
			);
			path = Other;
			sourceTree = "<group>";
		};
		39A9D0E440E83740225AFF0C /* Pods */ = {
			isa = PBXGroup;
			children = (
				9EA62A0C13AAFCD75137F823 /* Pods-stocks-clone.debug.xcconfig */,
				CE31788FB04FF93C6241E3B1 /* Pods-stocks-clone.release.xcconfig */,
			);
			path = Pods;
			sourceTree = "<group>";
		};
		6DDEFF6535E5D9E8248CB6D6 /* Frameworks */ = {
			isa = PBXGroup;
			children = (
				1553D65BB0987FD6F518EC69 /* Pods_stocks_clone.framework */,
			);
			name = Frameworks;
			sourceTree = "<group>";
		};
/* End PBXGroup section */

/* Begin PBXNativeTarget section */
		31A436B7281D6C8800EE3F22 /* stocks-clone */ = {
			isa = PBXNativeTarget;
			buildConfigurationList = 31A436CC281D6C8900EE3F22 /* Build configuration list for PBXNativeTarget "stocks-clone" */;
			buildPhases = (
				C0A69541E16A5458E9DE0A63 /* [CP] Check Pods Manifest.lock */,
				31A436B4281D6C8800EE3F22 /* Sources */,
				31A436B5281D6C8800EE3F22 /* Frameworks */,
				31A436B6281D6C8800EE3F22 /* Resources */,
				6C6CA1B42E084F51644D0001 /* [CP] Embed Pods Frameworks */,
			);
			buildRules = (
			);
			dependencies = (
			);
			name = "stocks-clone";
			productName = "stocks-clone";
			productReference = 31A436B8281D6C8800EE3F22 /* stocks-clone.app */;
			productType = "com.apple.product-type.application";
		};
/* End PBXNativeTarget section */

/* Begin PBXProject section */
		31A436B0281D6C8800EE3F22 /* Project object */ = {
			isa = PBXProject;
			attributes = {
				BuildIndependentTargetsInParallel = 1;
				LastSwiftUpdateCheck = 1330;
				LastUpgradeCheck = 1330;
				TargetAttributes = {
					31A436B7281D6C8800EE3F22 = {
						CreatedOnToolsVersion = 13.3;
					};
				};
			};
			buildConfigurationList = 31A436B3281D6C8800EE3F22 /* Build configuration list for PBXProject "stocks-clone" */;
			compatibilityVersion = "Xcode 13.0";
			developmentRegion = en;
			hasScannedForEncodings = 0;
			knownRegions = (
				en,
				Base,
			);
			mainGroup = 31A436AF281D6C8800EE3F22;
			productRefGroup = 31A436B9281D6C8800EE3F22 /* Products */;
			projectDirPath = "";
			projectRoot = "";
			targets = (
				31A436B7281D6C8800EE3F22 /* stocks-clone */,
			);
		};
/* End PBXProject section */

/* Begin PBXResourcesBuildPhase section */
		31A436B6281D6C8800EE3F22 /* Resources */ = {
			isa = PBXResourcesBuildPhase;
			buildActionMask = 2147483647;
			files = (
				31A436C8281D6C8900EE3F22 /* LaunchScreen.storyboard in Resources */,
				31A436C5281D6C8900EE3F22 /* Assets.xcassets in Resources */,
			);
			runOnlyForDeploymentPostprocessing = 0;
		};
/* End PBXResourcesBuildPhase section */

/* Begin PBXShellScriptBuildPhase section */
		6C6CA1B42E084F51644D0001 /* [CP] Embed Pods Frameworks */ = {
			isa = PBXShellScriptBuildPhase;
			buildActionMask = 2147483647;
			files = (
			);
			inputFileListPaths = (
				"${PODS_ROOT}/Target Support Files/Pods-stocks-clone/Pods-stocks-clone-frameworks-${CONFIGURATION}-input-files.xcfilelist",
			);
			name = "[CP] Embed Pods Frameworks";
			outputFileListPaths = (
				"${PODS_ROOT}/Target Support Files/Pods-stocks-clone/Pods-stocks-clone-frameworks-${CONFIGURATION}-output-files.xcfilelist",
			);
			runOnlyForDeploymentPostprocessing = 0;
			shellPath = /bin/sh;
			shellScript = "\"${PODS_ROOT}/Target Support Files/Pods-stocks-clone/Pods-stocks-clone-frameworks.sh\"\n";
			showEnvVarsInLog = 0;
		};
		C0A69541E16A5458E9DE0A63 /* [CP] Check Pods Manifest.lock */ = {
			isa = PBXShellScriptBuildPhase;
			buildActionMask = 2147483647;
			files = (
			);
			inputFileListPaths = (
			);
			inputPaths = (
				"${PODS_PODFILE_DIR_PATH}/Podfile.lock",
				"${PODS_ROOT}/Manifest.lock",
			);
			name = "[CP] Check Pods Manifest.lock";
			outputFileListPaths = (
			);
			outputPaths = (
				"$(DERIVED_FILE_DIR)/Pods-stocks-clone-checkManifestLockResult.txt",
			);
			runOnlyForDeploymentPostprocessing = 0;
			shellPath = /bin/sh;
			shellScript = "diff \"${PODS_PODFILE_DIR_PATH}/Podfile.lock\" \"${PODS_ROOT}/Manifest.lock\" > /dev/null\nif [ $? != 0 ] ; then\n    # print error to STDERR\n    echo \"error: The sandbox is not in sync with the Podfile.lock. Run 'pod install' or update your CocoaPods installation.\" >&2\n    exit 1\nfi\n# This output is used by Xcode 'outputs' to avoid re-running this script phase.\necho \"SUCCESS\" > \"${SCRIPT_OUTPUT_FILE_0}\"\n";
			showEnvVarsInLog = 0;
		};
/* End PBXShellScriptBuildPhase section */

/* Begin PBXSourcesBuildPhase section */
		31A436B4281D6C8800EE3F22 /* Sources */ = {
			isa = PBXSourcesBuildPhase;
			buildActionMask = 2147483647;
			files = (
				31A436E0281E83A800EE3F22 /* HapticsManager.swift in Sources */,
				31A436DA281D6E6A00EE3F22 /* StockDetailsViewController.swift in Sources */,
				31F78B3B28340C920052613E /* StockCandles.swift in Sources */,
				31A436C0281D6C8800EE3F22 /* WatchListViewController.swift in Sources */,
				31A436D6281D6E5200EE3F22 /* NewsViewController.swift in Sources */,
				31884C6A2820366D00463C0B /* SearchResultsTableViewCell.swift in Sources */,
				31A436DE281E839100EE3F22 /* PersistenceManager.swift in Sources */,
				31153EB8282AC6D00017C7DA /* NewsStory.swift in Sources */,
				316AC50128240B9F00BD3A25 /* SearchResponse.swift in Sources */,
				31153EBA282AEBD80017C7DA /* NewsStoryTableViewCell.swift in Sources */,
				3114D4902836433800752925 /* StockChartView.swift in Sources */,
				31A436BC281D6C8800EE3F22 /* AppDelegate.swift in Sources */,
				314E462F28281DAD00A4FB98 /* Extensions.swift in Sources */,
				31DFC6822829850D006D06D5 /* NewsHeaderView.swift in Sources */,
				31A436BE281D6C8800EE3F22 /* SceneDelegate.swift in Sources */,
				31F78B392833D4AE0052613E /* WatchlistTableViewCell.swift in Sources */,
				31A436D8281D6E6200EE3F22 /* SearchResultsViewController.swift in Sources */,
				31A436DC281E835900EE3F22 /* APIManager.swift in Sources */,
			);
			runOnlyForDeploymentPostprocessing = 0;
		};
/* End PBXSourcesBuildPhase section */

/* Begin PBXVariantGroup section */
		31A436C6281D6C8900EE3F22 /* LaunchScreen.storyboard */ = {
			isa = PBXVariantGroup;
			children = (
				31A436C7281D6C8900EE3F22 /* Base */,
			);
			name = LaunchScreen.storyboard;
			sourceTree = "<group>";
		};
/* End PBXVariantGroup section */

/* Begin XCBuildConfiguration section */
		31A436CA281D6C8900EE3F22 /* Debug */ = {
			isa = XCBuildConfiguration;
			buildSettings = {
				ALWAYS_SEARCH_USER_PATHS = NO;
				CLANG_ANALYZER_NONNULL = YES;
				CLANG_ANALYZER_NUMBER_OBJECT_CONVERSION = YES_AGGRESSIVE;
				CLANG_CXX_LANGUAGE_STANDARD = "gnu++17";
				CLANG_ENABLE_MODULES = YES;
				CLANG_ENABLE_OBJC_ARC = YES;
				CLANG_ENABLE_OBJC_WEAK = YES;
				CLANG_WARN_BLOCK_CAPTURE_AUTORELEASING = YES;
				CLANG_WARN_BOOL_CONVERSION = YES;
				CLANG_WARN_COMMA = YES;
				CLANG_WARN_CONSTANT_CONVERSION = YES;
				CLANG_WARN_DEPRECATED_OBJC_IMPLEMENTATIONS = YES;
				CLANG_WARN_DIRECT_OBJC_ISA_USAGE = YES_ERROR;
				CLANG_WARN_DOCUMENTATION_COMMENTS = YES;
				CLANG_WARN_EMPTY_BODY = YES;
				CLANG_WARN_ENUM_CONVERSION = YES;
				CLANG_WARN_INFINITE_RECURSION = YES;
				CLANG_WARN_INT_CONVERSION = YES;
				CLANG_WARN_NON_LITERAL_NULL_CONVERSION = YES;
				CLANG_WARN_OBJC_IMPLICIT_RETAIN_SELF = YES;
				CLANG_WARN_OBJC_LITERAL_CONVERSION = YES;
				CLANG_WARN_OBJC_ROOT_CLASS = YES_ERROR;
				CLANG_WARN_QUOTED_INCLUDE_IN_FRAMEWORK_HEADER = YES;
				CLANG_WARN_RANGE_LOOP_ANALYSIS = YES;
				CLANG_WARN_STRICT_PROTOTYPES = YES;
				CLANG_WARN_SUSPICIOUS_MOVE = YES;
				CLANG_WARN_UNGUARDED_AVAILABILITY = YES_AGGRESSIVE;
				CLANG_WARN_UNREACHABLE_CODE = YES;
				CLANG_WARN__DUPLICATE_METHOD_MATCH = YES;
				COPY_PHASE_STRIP = NO;
				DEBUG_INFORMATION_FORMAT = dwarf;
				ENABLE_STRICT_OBJC_MSGSEND = YES;
				ENABLE_TESTABILITY = YES;
				GCC_C_LANGUAGE_STANDARD = gnu11;
				GCC_DYNAMIC_NO_PIC = NO;
				GCC_NO_COMMON_BLOCKS = YES;
				GCC_OPTIMIZATION_LEVEL = 0;
				GCC_PREPROCESSOR_DEFINITIONS = (
					"DEBUG=1",
					"$(inherited)",
				);
				GCC_WARN_64_TO_32_BIT_CONVERSION = YES;
				GCC_WARN_ABOUT_RETURN_TYPE = YES_ERROR;
				GCC_WARN_UNDECLARED_SELECTOR = YES;
				GCC_WARN_UNINITIALIZED_AUTOS = YES_AGGRESSIVE;
				GCC_WARN_UNUSED_FUNCTION = YES;
				GCC_WARN_UNUSED_VARIABLE = YES;
				IPHONEOS_DEPLOYMENT_TARGET = 15.4;
				MTL_ENABLE_DEBUG_INFO = INCLUDE_SOURCE;
				MTL_FAST_MATH = YES;
				ONLY_ACTIVE_ARCH = YES;
				SDKROOT = iphoneos;
				SWIFT_ACTIVE_COMPILATION_CONDITIONS = DEBUG;
				SWIFT_OPTIMIZATION_LEVEL = "-Onone";
			};
			name = Debug;
		};
		31A436CB281D6C8900EE3F22 /* Release */ = {
			isa = XCBuildConfiguration;
			buildSettings = {
				ALWAYS_SEARCH_USER_PATHS = NO;
				CLANG_ANALYZER_NONNULL = YES;
				CLANG_ANALYZER_NUMBER_OBJECT_CONVERSION = YES_AGGRESSIVE;
				CLANG_CXX_LANGUAGE_STANDARD = "gnu++17";
				CLANG_ENABLE_MODULES = YES;
				CLANG_ENABLE_OBJC_ARC = YES;
				CLANG_ENABLE_OBJC_WEAK = YES;
				CLANG_WARN_BLOCK_CAPTURE_AUTORELEASING = YES;
				CLANG_WARN_BOOL_CONVERSION = YES;
				CLANG_WARN_COMMA = YES;
				CLANG_WARN_CONSTANT_CONVERSION = YES;
				CLANG_WARN_DEPRECATED_OBJC_IMPLEMENTATIONS = YES;
				CLANG_WARN_DIRECT_OBJC_ISA_USAGE = YES_ERROR;
				CLANG_WARN_DOCUMENTATION_COMMENTS = YES;
				CLANG_WARN_EMPTY_BODY = YES;
				CLANG_WARN_ENUM_CONVERSION = YES;
				CLANG_WARN_INFINITE_RECURSION = YES;
				CLANG_WARN_INT_CONVERSION = YES;
				CLANG_WARN_NON_LITERAL_NULL_CONVERSION = YES;
				CLANG_WARN_OBJC_IMPLICIT_RETAIN_SELF = YES;
				CLANG_WARN_OBJC_LITERAL_CONVERSION = YES;
				CLANG_WARN_OBJC_ROOT_CLASS = YES_ERROR;
				CLANG_WARN_QUOTED_INCLUDE_IN_FRAMEWORK_HEADER = YES;
				CLANG_WARN_RANGE_LOOP_ANALYSIS = YES;
				CLANG_WARN_STRICT_PROTOTYPES = YES;
				CLANG_WARN_SUSPICIOUS_MOVE = YES;
				CLANG_WARN_UNGUARDED_AVAILABILITY = YES_AGGRESSIVE;
				CLANG_WARN_UNREACHABLE_CODE = YES;
				CLANG_WARN__DUPLICATE_METHOD_MATCH = YES;
				COPY_PHASE_STRIP = NO;
				DEBUG_INFORMATION_FORMAT = "dwarf-with-dsym";
				ENABLE_NS_ASSERTIONS = NO;
				ENABLE_STRICT_OBJC_MSGSEND = YES;
				GCC_C_LANGUAGE_STANDARD = gnu11;
				GCC_NO_COMMON_BLOCKS = YES;
				GCC_WARN_64_TO_32_BIT_CONVERSION = YES;
				GCC_WARN_ABOUT_RETURN_TYPE = YES_ERROR;
				GCC_WARN_UNDECLARED_SELECTOR = YES;
				GCC_WARN_UNINITIALIZED_AUTOS = YES_AGGRESSIVE;
				GCC_WARN_UNUSED_FUNCTION = YES;
				GCC_WARN_UNUSED_VARIABLE = YES;
				IPHONEOS_DEPLOYMENT_TARGET = 15.4;
				MTL_ENABLE_DEBUG_INFO = NO;
				MTL_FAST_MATH = YES;
				SDKROOT = iphoneos;
				SWIFT_COMPILATION_MODE = wholemodule;
				SWIFT_OPTIMIZATION_LEVEL = "-O";
				VALIDATE_PRODUCT = YES;
			};
			name = Release;
		};
		31A436CD281D6C8900EE3F22 /* Debug */ = {
			isa = XCBuildConfiguration;
			baseConfigurationReference = 9EA62A0C13AAFCD75137F823 /* Pods-stocks-clone.debug.xcconfig */;
			buildSettings = {
				ASSETCATALOG_COMPILER_APPICON_NAME = AppIcon;
				ASSETCATALOG_COMPILER_GLOBAL_ACCENT_COLOR_NAME = AccentColor;
				CODE_SIGN_STYLE = Automatic;
				CURRENT_PROJECT_VERSION = 1;
				DEVELOPMENT_TEAM = K79BRFXPP9;
				GENERATE_INFOPLIST_FILE = YES;
				INFOPLIST_FILE = "stocks-clone/Info.plist";
				INFOPLIST_KEY_UIApplicationSupportsIndirectInputEvents = YES;
				INFOPLIST_KEY_UILaunchStoryboardName = LaunchScreen;
				INFOPLIST_KEY_UISupportedInterfaceOrientations_iPad = "UIInterfaceOrientationPortrait UIInterfaceOrientationPortraitUpsideDown UIInterfaceOrientationLandscapeLeft UIInterfaceOrientationLandscapeRight";
				INFOPLIST_KEY_UISupportedInterfaceOrientations_iPhone = "UIInterfaceOrientationPortrait UIInterfaceOrientationLandscapeLeft UIInterfaceOrientationLandscapeRight";
				IPHONEOS_DEPLOYMENT_TARGET = 13.0;
				LD_RUNPATH_SEARCH_PATHS = (
					"$(inherited)",
					"@executable_path/Frameworks",
				);
				MARKETING_VERSION = 1.0;
				PRODUCT_BUNDLE_IDENTIFIER = "com.nozhana.sample-code.stocks-clone";
				PRODUCT_NAME = "$(TARGET_NAME)";
				SWIFT_EMIT_LOC_STRINGS = YES;
				SWIFT_VERSION = 5.0;
				TARGETED_DEVICE_FAMILY = 1;
			};
			name = Debug;
		};
		31A436CE281D6C8900EE3F22 /* Release */ = {
			isa = XCBuildConfiguration;
			baseConfigurationReference = CE31788FB04FF93C6241E3B1 /* Pods-stocks-clone.release.xcconfig */;
			buildSettings = {
				ASSETCATALOG_COMPILER_APPICON_NAME = AppIcon;
				ASSETCATALOG_COMPILER_GLOBAL_ACCENT_COLOR_NAME = AccentColor;
				CODE_SIGN_STYLE = Automatic;
				CURRENT_PROJECT_VERSION = 1;
				DEVELOPMENT_TEAM = K79BRFXPP9;
				GENERATE_INFOPLIST_FILE = YES;
				INFOPLIST_FILE = "stocks-clone/Info.plist";
				INFOPLIST_KEY_UIApplicationSupportsIndirectInputEvents = YES;
				INFOPLIST_KEY_UILaunchStoryboardName = LaunchScreen;
				INFOPLIST_KEY_UISupportedInterfaceOrientations_iPad = "UIInterfaceOrientationPortrait UIInterfaceOrientationPortraitUpsideDown UIInterfaceOrientationLandscapeLeft UIInterfaceOrientationLandscapeRight";
				INFOPLIST_KEY_UISupportedInterfaceOrientations_iPhone = "UIInterfaceOrientationPortrait UIInterfaceOrientationLandscapeLeft UIInterfaceOrientationLandscapeRight";
				IPHONEOS_DEPLOYMENT_TARGET = 13.0;
				LD_RUNPATH_SEARCH_PATHS = (
					"$(inherited)",
					"@executable_path/Frameworks",
				);
				MARKETING_VERSION = 1.0;
				PRODUCT_BUNDLE_IDENTIFIER = "com.nozhana.sample-code.stocks-clone";
				PRODUCT_NAME = "$(TARGET_NAME)";
				SWIFT_EMIT_LOC_STRINGS = YES;
				SWIFT_VERSION = 5.0;
				TARGETED_DEVICE_FAMILY = 1;
			};
			name = Release;
		};
/* End XCBuildConfiguration section */

/* Begin XCConfigurationList section */
		31A436B3281D6C8800EE3F22 /* Build configuration list for PBXProject "stocks-clone" */ = {
			isa = XCConfigurationList;
			buildConfigurations = (
				31A436CA281D6C8900EE3F22 /* Debug */,
				31A436CB281D6C8900EE3F22 /* Release */,
			);
			defaultConfigurationIsVisible = 0;
			defaultConfigurationName = Release;
		};
		31A436CC281D6C8900EE3F22 /* Build configuration list for PBXNativeTarget "stocks-clone" */ = {
			isa = XCConfigurationList;
			buildConfigurations = (
				31A436CD281D6C8900EE3F22 /* Debug */,
				31A436CE281D6C8900EE3F22 /* Release */,
			);
			defaultConfigurationIsVisible = 0;
			defaultConfigurationName = Release;
		};
/* End XCConfigurationList section */
	};
	rootObject = 31A436B0281D6C8800EE3F22 /* Project object */;
}
